{
  "lockfile-version": 1,
  "manifest": {
    "version": 1,
    "install": {
      "python312": {
        "pkg-path": "python312"
      },
      "uv": {
        "pkg-path": "uv"
      }
    },
    "hook": {
      "on-activate": "  # LLM server connection\n  export LLM_API_BASE=\"${LLM_API_BASE:-http://localhost:8000/v1}\"\n  export LLM_API_KEY=\"${LLM_API_KEY:-sk-local-dev}\"\n  export LLM_MODEL=\"${LLM_MODEL:-Llama-3.1-8B-Instruct}\"\n  export LLM_SYSTEM_PROMPT=\"${LLM_SYSTEM_PROMPT:-You are a helpful assistant.}\"\n\n  # Map to OpenAI SDK env vars\n  export OPENAI_BASE_URL=\"$LLM_API_BASE\"\n  export OPENAI_API_KEY=\"$LLM_API_KEY\"\n\n  # Python venv setup\n  VENV=\"$FLOX_ENV_CACHE/venv\"\n  if [ ! -d \"$VENV\" ]; then\n    uv venv \"$VENV\" --python \"$(which python3)\"\n  fi\n\n  unset PYTHONPATH\n  export VIRTUAL_ENV_DISABLE_PROMPT=1\n  source \"$VENV/bin/activate\"\n\n  # Install dependencies on first activation\n  if [ ! -f \"$VENV/.installed\" ]; then\n    uv pip install openai rich && touch \"$VENV/.installed\"\n  fi\n"
    },
    "profile": {
      "common": "  export PATH=\"$FLOX_ENV_PROJECT:$FLOX_ENV_CACHE/venv/bin:$PATH\"\n  export VIRTUAL_ENV_DISABLE_PROMPT=1\n",
      "bash": "  unset PYTHONPATH\n",
      "zsh": "  unset PYTHONPATH\n"
    },
    "options": {}
  },
  "packages": [
    {
      "attr_path": "python312",
      "broken": false,
      "derivation": "/nix/store/3lxvnqmikqmgribcdmxqphakkb8shha2-python3-3.12.12.drv",
      "description": "High-level dynamically-typed programming language",
      "install_id": "python312",
      "license": "Python-2.0",
      "locked_url": "https://github.com/flox/nixpkgs?rev=8c809a146a140c5c8806f13399592dbcb1bb5dc4",
      "name": "python3-3.12.12",
      "pname": "python312",
      "rev": "8c809a146a140c5c8806f13399592dbcb1bb5dc4",
      "rev_count": 957538,
      "rev_date": "2026-03-03T12:59:14Z",
      "scrape_date": "2026-03-04T04:40:15.972939Z",
      "stabilities": [
        "unstable"
      ],
      "unfree": false,
      "version": "python3-3.12.12",
      "outputs_to_install": [
        "out"
      ],
      "outputs": {
        "out": "/nix/store/6m0sga6inpabxm4nh7ab8zvychy66d48-python3-3.12.12"
      },
      "system": "aarch64-darwin",
      "group": "toplevel",
      "priority": 5
    },
    {
      "attr_path": "python312",
      "broken": false,
      "derivation": "/nix/store/plqqhvs6jdkc3inb5pcvcvlmzwyjwgla-python3-3.12.12.drv",
      "description": "High-level dynamically-typed programming language",
      "install_id": "python312",
      "license": "Python-2.0",
      "locked_url": "https://github.com/flox/nixpkgs?rev=8c809a146a140c5c8806f13399592dbcb1bb5dc4",
      "name": "python3-3.12.12",
      "pname": "python312",
      "rev": "8c809a146a140c5c8806f13399592dbcb1bb5dc4",
      "rev_count": 957538,
      "rev_date": "2026-03-03T12:59:14Z",
      "scrape_date": "2026-03-04T05:10:47.177861Z",
      "stabilities": [
        "unstable"
      ],
      "unfree": false,
      "version": "python3-3.12.12",
      "outputs_to_install": [
        "out"
      ],
      "outputs": {
        "debug": "/nix/store/xcz6h6sqxbhg07ccjh2qr2xxrnh4mc70-python3-3.12.12-debug",
        "out": "/nix/store/p3dgpm3z2s0k2sf6838ybrqvz6r89ry2-python3-3.12.12"
      },
      "system": "aarch64-linux",
      "group": "toplevel",
      "priority": 5
    },
    {
      "attr_path": "python312",
      "broken": false,
      "derivation": "/nix/store/v5xq246znkgaa0si6lzwhysji59rwg6n-python3-3.12.12.drv",
      "description": "High-level dynamically-typed programming language",
      "install_id": "python312",
      "license": "Python-2.0",
      "locked_url": "https://github.com/flox/nixpkgs?rev=8c809a146a140c5c8806f13399592dbcb1bb5dc4",
      "name": "python3-3.12.12",
      "pname": "python312",
      "rev": "8c809a146a140c5c8806f13399592dbcb1bb5dc4",
      "rev_count": 957538,
      "rev_date": "2026-03-03T12:59:14Z",
      "scrape_date": "2026-03-04T05:39:11.035482Z",
      "stabilities": [
        "unstable"
      ],
      "unfree": false,
      "version": "python3-3.12.12",
      "outputs_to_install": [
        "out"
      ],
      "outputs": {
        "out": "/nix/store/ll4yja86q574m1gp3bzzk9wshcbl332k-python3-3.12.12"
      },
      "system": "x86_64-darwin",
      "group": "toplevel",
      "priority": 5
    },
    {
      "attr_path": "python312",
      "broken": false,
      "derivation": "/nix/store/9rgganx70l2z78f8z1bpmg7rvb7vvyaz-python3-3.12.12.drv",
      "description": "High-level dynamically-typed programming language",
      "install_id": "python312",
      "license": "Python-2.0",
      "locked_url": "https://github.com/flox/nixpkgs?rev=8c809a146a140c5c8806f13399592dbcb1bb5dc4",
      "name": "python3-3.12.12",
      "pname": "python312",
      "rev": "8c809a146a140c5c8806f13399592dbcb1bb5dc4",
      "rev_count": 957538,
      "rev_date": "2026-03-03T12:59:14Z",
      "scrape_date": "2026-03-04T06:13:13.054832Z",
      "stabilities": [
        "unstable"
      ],
      "unfree": false,
      "version": "python3-3.12.12",
      "outputs_to_install": [
        "out"
      ],
      "outputs": {
        "debug": "/nix/store/pwz8rx97fb0laq9scg8zycmyh5xixa4a-python3-3.12.12-debug",
        "out": "/nix/store/flbw79qdmvzbdrafd93avy5a7d29m2vb-python3-3.12.12"
      },
      "system": "x86_64-linux",
      "group": "toplevel",
      "priority": 5
    },
    {
      "attr_path": "uv",
      "broken": false,
      "derivation": "/nix/store/g7iy184qf5jcd8hirzpv7mysghiavvah-uv-0.10.6.drv",
      "description": "Extremely fast Python package installer and resolver, written in Rust",
      "install_id": "uv",
      "license": "[ Apache-2.0, MIT ]",
      "locked_url": "https://github.com/flox/nixpkgs?rev=8c809a146a140c5c8806f13399592dbcb1bb5dc4",
      "name": "uv-0.10.6",
      "pname": "uv",
      "rev": "8c809a146a140c5c8806f13399592dbcb1bb5dc4",
      "rev_count": 957538,
      "rev_date": "2026-03-03T12:59:14Z",
      "scrape_date": "2026-03-04T04:41:57.981640Z",
      "stabilities": [
        "unstable"
      ],
      "unfree": false,
      "version": "0.10.6",
      "outputs_to_install": [
        "out"
      ],
      "outputs": {
        "out": "/nix/store/61a5czczvhkkpklp7m1v9s5jgx831n5k-uv-0.10.6"
      },
      "system": "aarch64-darwin",
      "group": "toplevel",
      "priority": 5
    },
    {
      "attr_path": "uv",
      "broken": false,
      "derivation": "/nix/store/2l9ny7v1cjp1mi4sgkm9nkskws8anmnc-uv-0.10.6.drv",
      "description": "Extremely fast Python package installer and resolver, written in Rust",
      "install_id": "uv",
      "license": "[ Apache-2.0, MIT ]",
      "locked_url": "https://github.com/flox/nixpkgs?rev=8c809a146a140c5c8806f13399592dbcb1bb5dc4",
      "name": "uv-0.10.6",
      "pname": "uv",
      "rev": "8c809a146a140c5c8806f13399592dbcb1bb5dc4",
      "rev_count": 957538,
      "rev_date": "2026-03-03T12:59:14Z",
      "scrape_date": "2026-03-04T05:12:59.336211Z",
      "stabilities": [
        "unstable"
      ],
      "unfree": false,
      "version": "0.10.6",
      "outputs_to_install": [
        "out"
      ],
      "outputs": {
        "out": "/nix/store/idlqqwmwna55bqp3cm0ffd9fsl4lqq53-uv-0.10.6"
      },
      "system": "aarch64-linux",
      "group": "toplevel",
      "priority": 5
    },
    {
      "attr_path": "uv",
      "broken": false,
      "derivation": "/nix/store/ll1rwgwypzlc5rba6004pxpp473lnkac-uv-0.10.6.drv",
      "description": "Extremely fast Python package installer and resolver, written in Rust",
      "install_id": "uv",
      "license": "[ Apache-2.0, MIT ]",
      "locked_url": "https://github.com/flox/nixpkgs?rev=8c809a146a140c5c8806f13399592dbcb1bb5dc4",
      "name": "uv-0.10.6",
      "pname": "uv",
      "rev": "8c809a146a140c5c8806f13399592dbcb1bb5dc4",
      "rev_count": 957538,
      "rev_date": "2026-03-03T12:59:14Z",
      "scrape_date": "2026-03-04T05:40:52.966504Z",
      "stabilities": [
        "unstable"
      ],
      "unfree": false,
      "version": "0.10.6",
      "outputs_to_install": [
        "out"
      ],
      "outputs": {
        "out": "/nix/store/962hr6lsb7fr36rj1yxwmdhh7a3i4c2g-uv-0.10.6"
      },
      "system": "x86_64-darwin",
      "group": "toplevel",
      "priority": 5
    },
    {
      "attr_path": "uv",
      "broken": false,
      "derivation": "/nix/store/87v8bbiipw5qxd8ysm3zlr61817nfmgr-uv-0.10.6.drv",
      "description": "Extremely fast Python package installer and resolver, written in Rust",
      "install_id": "uv",
      "license": "[ Apache-2.0, MIT ]",
      "locked_url": "https://github.com/flox/nixpkgs?rev=8c809a146a140c5c8806f13399592dbcb1bb5dc4",
      "name": "uv-0.10.6",
      "pname": "uv",
      "rev": "8c809a146a140c5c8806f13399592dbcb1bb5dc4",
      "rev_count": 957538,
      "rev_date": "2026-03-03T12:59:14Z",
      "scrape_date": "2026-03-04T06:15:34.904767Z",
      "stabilities": [
        "unstable"
      ],
      "unfree": false,
      "version": "0.10.6",
      "outputs_to_install": [
        "out"
      ],
      "outputs": {
        "out": "/nix/store/45bqnn1avsw82rxbigdy4app32aiqd8a-uv-0.10.6"
      },
      "system": "x86_64-linux",
      "group": "toplevel",
      "priority": 5
    }
  ]
}
